PATH
  remote: .
  specs:
    omniauth-signicat_oauth2 (0.1.0)
      omniauth-oauth2 (~> 1.7)

GEM
  remote: https://rubygems.org/
  specs:
    base64 (0.3.0)
    bigdecimal (3.3.1)
    cgi (0.5.1)
    date (3.5.1)
    erb (4.0.4)
      cgi (>= 0.3.3)
    faraday (2.14.0)
      faraday-net_http (>= 2.0, < 3.5)
      json
      logger
    faraday-net_http (3.4.2)
      net-http (~> 0.5)
    hashie (5.1.0)
      logger
    io-console (0.8.2)
    irb (1.16.0)
      pp (>= 0.6.0)
      rdoc (>= 4.0.0)
      reline (>= 0.4.2)
    json (2.18.0)
    jwt (3.1.2)
      base64
    logger (1.7.0)
    multi_xml (0.7.1)
      bigdecimal (~> 3.1)
    net-http (0.9.1)
      uri (>= 0.11.1)
    oauth2 (2.0.18)
      faraday (>= 0.17.3, < 4.0)
      jwt (>= 1.0, < 4.0)
      logger (~> 1.2)
      multi_xml (~> 0.5)
      rack (>= 1.2, < 4)
      snaky_hash (~> 2.0, >= 2.0.3)
      version_gem (~> 1.1, >= 1.1.9)
    omniauth (2.1.4)
      hashie (>= 3.4.6)
      logger
      rack (>= 2.2.3)
      rack-protection
    omniauth-oauth2 (1.9.0)
      oauth2 (>= 2.0.2, < 3)
      omniauth (~> 2.0)
    pp (0.6.3)
      prettyprint
    prettyprint (0.2.0)
    psych (5.3.1)
      date
      stringio
    rack (3.2.4)
    rack-protection (4.2.1)
      base64 (>= 0.1.0)
      logger (>= 1.6.0)
      rack (>= 3.0.0, < 4)
    rake (13.4.2)
    rdoc (7.0.2)
      erb
      psych (>= 4.0.0)
      tsort
    reline (0.6.3)
      io-console (~> 0.5)
    snaky_hash (2.0.3)
      hashie (>= 0.1.0, < 6)
      version_gem (>= 1.1.8, < 3)
    stringio (3.2.0)
    tsort (0.2.0)
    uri (1.1.1)
    version_gem (1.1.9)

PLATFORMS
  ruby
  x86_64-darwin-22

DEPENDENCIES
  irb
  omniauth-signicat_oauth2!
  rake (~> 13.4)

BUNDLED WITH
   2.6.5
